
Microsoft Visual Studio Solution File, Format Version 12.00
# Visual Studio Version 16
VisualStudioVersion = 16.0.29521.150
MinimumVisualStudioVersion = 10.0.40219.1
Project("{9A19103F-16F7-4668-BE54-9A1E7A4F7556}") = "Joke", "Joke\Joke.csproj", "{A1701BD2-A800-47E3-9CB2-29C3A3C8C960}"
EndProject
Project("{9A19103F-16F7-4668-BE54-9A1E7A4F7556}") = "Joke.Outside", "Joke.Outside\Joke.Outside.csproj", "{70CD374B-6408-4CA8-BAD6-E64896E92C8A}"
EndProject
Project("{9A19103F-16F7-4668-BE54-9A1E7A4F7556}") = "Joke.Front", "Joke.Front\Joke.Front.csproj", "{B7452248-0A57-4511-A0C3-831EB4F3F46A}"
EndProject
Project("{2150E333-8FDC-42A3-9474-1A3956D46DE8}") = "Solution Items", "Solution Items", "{054D95FA-AB31-4596-9632-32841C178096}"
	ProjectSection(SolutionItems) = preProject
		.editorconfig = .editorconfig
	EndProjectSection
EndProject
Project("{9A19103F-16F7-4668-BE54-9A1E7A4F7556}") = "Joke.Compiler", "Joke.Compiler\Joke.Compiler.csproj", "{2DF13E87-44A5-411B-9B4E-BB8B51AD5F64}"
EndProject
Global
	GlobalSection(SolutionConfigurationPlatforms) = preSolution
		Debug|Any CPU = Debug|Any CPU
		Release|Any CPU = Release|Any CPU
	EndGlobalSection
	GlobalSection(ProjectConfigurationPlatforms) = postSolution
		{A1701BD2-A800-47E3-9CB2-29C3A3C8C960}.Debug|Any CPU.ActiveCfg = Debug|Any CPU
		{A1701BD2-A800-47E3-9CB2-29C3A3C8C960}.Debug|Any CPU.Build.0 = Debug|Any CPU
		{A1701BD2-A800-47E3-9CB2-29C3A3C8C960}.Release|Any CPU.ActiveCfg = Release|Any CPU
		{A1701BD2-A800-47E3-9CB2-29C3A3C8C960}.Release|Any CPU.Build.0 = Release|Any CPU
		{70CD374B-6408-4CA8-BAD6-E64896E92C8A}.Debug|Any CPU.ActiveCfg = Debug|Any CPU
		{70CD374B-6408-4CA8-BAD6-E64896E92C8A}.Debug|Any CPU.Build.0 = Debug|Any CPU
		{70CD374B-6408-4CA8-BAD6-E64896E92C8A}.Release|Any CPU.ActiveCfg = Release|Any CPU
		{70CD374B-6408-4CA8-BAD6-E64896E92C8A}.Release|Any CPU.Build.0 = Release|Any CPU
		{B7452248-0A57-4511-A0C3-831EB4F3F46A}.Debug|Any CPU.ActiveCfg = Debug|Any CPU
		{B7452248-0A57-4511-A0C3-831EB4F3F46A}.Debug|Any CPU.Build.0 = Debug|Any CPU
		{B7452248-0A57-4511-A0C3-831EB4F3F46A}.Release|Any CPU.ActiveCfg = Release|Any CPU
		{B7452248-0A57-4511-A0C3-831EB4F3F46A}.Release|Any CPU.Build.0 = Release|Any CPU
		{2DF13E87-44A5-411B-9B4E-BB8B51AD5F64}.Debug|Any CPU.ActiveCfg = Debug|Any CPU
		{2DF13E87-44A5-411B-9B4E-BB8B51AD5F64}.Debug|Any CPU.Build.0 = Debug|Any CPU
		{2DF13E87-44A5-411B-9B4E-BB8B51AD5F64}.Release|Any CPU.ActiveCfg = Release|Any CPU
		{2DF13E87-44A5-411B-9B4E-BB8B51AD5F64}.Release|Any CPU.Build.0 = Release|Any CPU
	EndGlobalSection
	GlobalSection(SolutionProperties) = preSolution
		HideSolutionNode = FALSE
	EndGlobalSection
	GlobalSection(ExtensibilityGlobals) = postSolution
		SolutionGuid = {6AE2F0FB-6560-4D58-A725-9AA23A7DD7F2}
	EndGlobalSection
EndGlobal
